// !$*UTF8*$!
{
	archiveVersion = 1;
	classes = {
	};
	objectVersion = 56;
	objects = {

/* Begin PBXBuildFile section */
		2DAD9A3B2C6E019A002CF3B4 /* AppDelegate.swift in Sources */ = {isa = PBXBuildFile; fileRef = 2DAD9A3A2C6E019A002CF3B4 /* AppDelegate.swift */; };
		2DAD9A3D2C6E019A002CF3B4 /* SceneDelegate.swift in Sources */ = {isa = PBXBuildFile; fileRef = 2DAD9A3C2C6E019A002CF3B4 /* SceneDelegate.swift */; };
		2DAD9A3F2C6E019A002CF3B4 /* MainViewController.swift in Sources */ = {isa = PBXBuildFile; fileRef = 2DAD9A3E2C6E019A002CF3B4 /* MainViewController.swift */; };
		2DAD9A442C6E019C002CF3B4 /* Assets.xcassets in Resources */ = {isa = PBXBuildFile; fileRef = 2DAD9A432C6E019C002CF3B4 /* Assets.xcassets */; };
		2DAD9A472C6E019C002CF3B4 /* LaunchScreen.storyboard in Resources */ = {isa = PBXBuildFile; fileRef = 2DAD9A452C6E019C002CF3B4 /* LaunchScreen.storyboard */; };
		2DAD9A502C6E1070002CF3B4 /* LoginViewController.swift in Sources */ = {isa = PBXBuildFile; fileRef = 2DAD9A4F2C6E1070002CF3B4 /* LoginViewController.swift */; };
		2DAD9A542C6E140B002CF3B4 /* MainViewModel.swift in Sources */ = {isa = PBXBuildFile; fileRef = 2DAD9A532C6E140B002CF3B4 /* MainViewModel.swift */; };
		2DAD9A562C6E141E002CF3B4 /* LoginViewModel.swift in Sources */ = {isa = PBXBuildFile; fileRef = 2DAD9A552C6E141E002CF3B4 /* LoginViewModel.swift */; };
		2DAD9A5A2C6E19BE002CF3B4 /* NetworkManager.swift in Sources */ = {isa = PBXBuildFile; fileRef = 2DAD9A592C6E19BE002CF3B4 /* NetworkManager.swift */; };
		2DAD9A5D2C6E1A0D002CF3B4 /* APIService.swift in Sources */ = {isa = PBXBuildFile; fileRef = 2DAD9A5C2C6E1A0D002CF3B4 /* APIService.swift */; };
		2DAD9A5F2C6E1A4A002CF3B4 /* SessionManager.swift in Sources */ = {isa = PBXBuildFile; fileRef = 2DAD9A5E2C6E1A4A002CF3B4 /* SessionManager.swift */; };
		2DAD9A612C6E1A61002CF3B4 /* AlertService.swift in Sources */ = {isa = PBXBuildFile; fileRef = 2DAD9A602C6E1A61002CF3B4 /* AlertService.swift */; };
		2DAD9A632C6E1A84002CF3B4 /* ShareService.swift in Sources */ = {isa = PBXBuildFile; fileRef = 2DAD9A622C6E1A84002CF3B4 /* ShareService.swift */; };
		2DAD9A652C6E1AA3002CF3B4 /* ImageCacheService.swift in Sources */ = {isa = PBXBuildFile; fileRef = 2DAD9A642C6E1AA3002CF3B4 /* ImageCacheService.swift */; };
		2DAD9A672C6E1ABC002CF3B4 /* VideoCacheService.swift in Sources */ = {isa = PBXBuildFile; fileRef = 2DAD9A662C6E1ABC002CF3B4 /* VideoCacheService.swift */; };
		2DAD9A6A2C6E1AF1002CF3B4 /* ManagerLocator.swift in Sources */ = {isa = PBXBuildFile; fileRef = 2DAD9A692C6E1AF1002CF3B4 /* ManagerLocator.swift */; };
		2DAD9A6D2C6E1B1E002CF3B4 /* AppCoordinator.swift in Sources */ = {isa = PBXBuildFile; fileRef = 2DAD9A6C2C6E1B1E002CF3B4 /* AppCoordinator.swift */; };
		2DAD9A6F2C6E1D82002CF3B4 /* Models.swift in Sources */ = {isa = PBXBuildFile; fileRef = 2DAD9A6E2C6E1D82002CF3B4 /* Models.swift */; };
		2DAD9A732C6E3311002CF3B4 /* GalleryViewModel.swift in Sources */ = {isa = PBXBuildFile; fileRef = 2DAD9A722C6E3311002CF3B4 /* GalleryViewModel.swift */; };
		2DAD9A752C6E3410002CF3B4 /* DetailViewController.swift in Sources */ = {isa = PBXBuildFile; fileRef = 2DAD9A742C6E3410002CF3B4 /* DetailViewController.swift */; };
		2DAD9A772C6E3434002CF3B4 /* GalleryViewController.swift in Sources */ = {isa = PBXBuildFile; fileRef = 2DAD9A762C6E3434002CF3B4 /* GalleryViewController.swift */; };
		2DAD9A792C6E3468002CF3B4 /* DetailViewModel.swift in Sources */ = {isa = PBXBuildFile; fileRef = 2DAD9A782C6E3468002CF3B4 /* DetailViewModel.swift */; };
		2DAD9A7B2C6E34A9002CF3B4 /* MainCoordinator.swift in Sources */ = {isa = PBXBuildFile; fileRef = 2DAD9A7A2C6E34A9002CF3B4 /* MainCoordinator.swift */; };
		2DAD9A7D2C6E34CD002CF3B4 /* GalleryCoordinator.swift in Sources */ = {isa = PBXBuildFile; fileRef = 2DAD9A7C2C6E34CD002CF3B4 /* GalleryCoordinator.swift */; };
		2DAD9A7F2C6E5939002CF3B4 /* LoginCoordinator.swift in Sources */ = {isa = PBXBuildFile; fileRef = 2DAD9A7E2C6E5939002CF3B4 /* LoginCoordinator.swift */; };
		2DAD9A822C6F63B4002CF3B4 /* GalleryVC+CollectionView.swift in Sources */ = {isa = PBXBuildFile; fileRef = 2DAD9A812C6F63B4002CF3B4 /* GalleryVC+CollectionView.swift */; };
		2DAD9A842C6F9FB5002CF3B4 /* PhotoCell.swift in Sources */ = {isa = PBXBuildFile; fileRef = 2DAD9A832C6F9FB5002CF3B4 /* PhotoCell.swift */; };
		7682C5C8B8E163EF4C5FA49E /* Pods_MobileUpGallery.framework in Frameworks */ = {isa = PBXBuildFile; fileRef = A0B8ADA790F3D7141EFCF694 /* Pods_MobileUpGallery.framework */; };
/* End PBXBuildFile section */

/* Begin PBXFileReference section */
		02FEC234263B2F1F99464623 /* Pods-MobileUpGallery.release.xcconfig */ = {isa = PBXFileReference; includeInIndex = 1; lastKnownFileType = text.xcconfig; name = "Pods-MobileUpGallery.release.xcconfig"; path = "Target Support Files/Pods-MobileUpGallery/Pods-MobileUpGallery.release.xcconfig"; sourceTree = "<group>"; };
		2DAD9A372C6E019A002CF3B4 /* MobileUpGallery.app */ = {isa = PBXFileReference; explicitFileType = wrapper.application; includeInIndex = 0; path = MobileUpGallery.app; sourceTree = BUILT_PRODUCTS_DIR; };
		2DAD9A3A2C6E019A002CF3B4 /* AppDelegate.swift */ = {isa = PBXFileReference; lastKnownFileType = sourcecode.swift; path = AppDelegate.swift; sourceTree = "<group>"; };
		2DAD9A3C2C6E019A002CF3B4 /* SceneDelegate.swift */ = {isa = PBXFileReference; lastKnownFileType = sourcecode.swift; path = SceneDelegate.swift; sourceTree = "<group>"; };
		2DAD9A3E2C6E019A002CF3B4 /* MainViewController.swift */ = {isa = PBXFileReference; lastKnownFileType = sourcecode.swift; path = MainViewController.swift; sourceTree = "<group>"; };
		2DAD9A432C6E019C002CF3B4 /* Assets.xcassets */ = {isa = PBXFileReference; lastKnownFileType = folder.assetcatalog; path = Assets.xcassets; sourceTree = "<group>"; };
		2DAD9A462C6E019C002CF3B4 /* Base */ = {isa = PBXFileReference; lastKnownFileType = file.storyboard; name = Base; path = Base.lproj/LaunchScreen.storyboard; sourceTree = "<group>"; };
		2DAD9A482C6E019C002CF3B4 /* Info.plist */ = {isa = PBXFileReference; lastKnownFileType = text.plist.xml; path = Info.plist; sourceTree = "<group>"; };
		2DAD9A4F2C6E1070002CF3B4 /* LoginViewController.swift */ = {isa = PBXFileReference; lastKnownFileType = sourcecode.swift; path = LoginViewController.swift; sourceTree = "<group>"; };
		2DAD9A532C6E140B002CF3B4 /* MainViewModel.swift */ = {isa = PBXFileReference; lastKnownFileType = sourcecode.swift; path = MainViewModel.swift; sourceTree = "<group>"; };
		2DAD9A552C6E141E002CF3B4 /* LoginViewModel.swift */ = {isa = PBXFileReference; lastKnownFileType = sourcecode.swift; path = LoginViewModel.swift; sourceTree = "<group>"; };
		2DAD9A592C6E19BE002CF3B4 /* NetworkManager.swift */ = {isa = PBXFileReference; lastKnownFileType = sourcecode.swift; path = NetworkManager.swift; sourceTree = "<group>"; };
		2DAD9A5C2C6E1A0D002CF3B4 /* APIService.swift */ = {isa = PBXFileReference; lastKnownFileType = sourcecode.swift; path = APIService.swift; sourceTree = "<group>"; };
		2DAD9A5E2C6E1A4A002CF3B4 /* SessionManager.swift */ = {isa = PBXFileReference; lastKnownFileType = sourcecode.swift; path = SessionManager.swift; sourceTree = "<group>"; };
		2DAD9A602C6E1A61002CF3B4 /* AlertService.swift */ = {isa = PBXFileReference; lastKnownFileType = sourcecode.swift; path = AlertService.swift; sourceTree = "<group>"; };
		2DAD9A622C6E1A84002CF3B4 /* ShareService.swift */ = {isa = PBXFileReference; lastKnownFileType = sourcecode.swift; path = ShareService.swift; sourceTree = "<group>"; };
		2DAD9A642C6E1AA3002CF3B4 /* ImageCacheService.swift */ = {isa = PBXFileReference; lastKnownFileType = sourcecode.swift; path = ImageCacheService.swift; sourceTree = "<group>"; };
		2DAD9A662C6E1ABC002CF3B4 /* VideoCacheService.swift */ = {isa = PBXFileReference; lastKnownFileType = sourcecode.swift; path = VideoCacheService.swift; sourceTree = "<group>"; };
		2DAD9A692C6E1AF1002CF3B4 /* ManagerLocator.swift */ = {isa = PBXFileReference; lastKnownFileType = sourcecode.swift; path = ManagerLocator.swift; sourceTree = "<group>"; };
		2DAD9A6C2C6E1B1E002CF3B4 /* AppCoordinator.swift */ = {isa = PBXFileReference; lastKnownFileType = sourcecode.swift; path = AppCoordinator.swift; sourceTree = "<group>"; };
		2DAD9A6E2C6E1D82002CF3B4 /* Models.swift */ = {isa = PBXFileReference; lastKnownFileType = sourcecode.swift; path = Models.swift; sourceTree = "<group>"; };
		2DAD9A722C6E3311002CF3B4 /* GalleryViewModel.swift */ = {isa = PBXFileReference; lastKnownFileType = sourcecode.swift; path = GalleryViewModel.swift; sourceTree = "<group>"; };
		2DAD9A742C6E3410002CF3B4 /* DetailViewController.swift */ = {isa = PBXFileReference; lastKnownFileType = sourcecode.swift; path = DetailViewController.swift; sourceTree = "<group>"; };
		2DAD9A762C6E3434002CF3B4 /* GalleryViewController.swift */ = {isa = PBXFileReference; lastKnownFileType = sourcecode.swift; path = GalleryViewController.swift; sourceTree = "<group>"; };
		2DAD9A782C6E3468002CF3B4 /* DetailViewModel.swift */ = {isa = PBXFileReference; lastKnownFileType = sourcecode.swift; path = DetailViewModel.swift; sourceTree = "<group>"; };
		2DAD9A7A2C6E34A9002CF3B4 /* MainCoordinator.swift */ = {isa = PBXFileReference; lastKnownFileType = sourcecode.swift; path = MainCoordinator.swift; sourceTree = "<group>"; };
		2DAD9A7C2C6E34CD002CF3B4 /* GalleryCoordinator.swift */ = {isa = PBXFileReference; lastKnownFileType = sourcecode.swift; path = GalleryCoordinator.swift; sourceTree = "<group>"; };
		2DAD9A7E2C6E5939002CF3B4 /* LoginCoordinator.swift */ = {isa = PBXFileReference; lastKnownFileType = sourcecode.swift; path = LoginCoordinator.swift; sourceTree = "<group>"; };
		2DAD9A812C6F63B4002CF3B4 /* GalleryVC+CollectionView.swift */ = {isa = PBXFileReference; lastKnownFileType = sourcecode.swift; path = "GalleryVC+CollectionView.swift"; sourceTree = "<group>"; };
		2DAD9A832C6F9FB5002CF3B4 /* PhotoCell.swift */ = {isa = PBXFileReference; lastKnownFileType = sourcecode.swift; path = PhotoCell.swift; sourceTree = "<group>"; };
		A0B8ADA790F3D7141EFCF694 /* Pods_MobileUpGallery.framework */ = {isa = PBXFileReference; explicitFileType = wrapper.framework; includeInIndex = 0; path = Pods_MobileUpGallery.framework; sourceTree = BUILT_PRODUCTS_DIR; };
		F5AC10A44F0F6041E73AD41E /* Pods-MobileUpGallery.debug.xcconfig */ = {isa = PBXFileReference; includeInIndex = 1; lastKnownFileType = text.xcconfig; name = "Pods-MobileUpGallery.debug.xcconfig"; path = "Target Support Files/Pods-MobileUpGallery/Pods-MobileUpGallery.debug.xcconfig"; sourceTree = "<group>"; };
/* End PBXFileReference section */

/* Begin PBXFrameworksBuildPhase section */
		2DAD9A342C6E019A002CF3B4 /* Frameworks */ = {
			isa = PBXFrameworksBuildPhase;
			buildActionMask = 2147483647;
			files = (
				7682C5C8B8E163EF4C5FA49E /* Pods_MobileUpGallery.framework in Frameworks */,
			);
			runOnlyForDeploymentPostprocessing = 0;
		};
/* End PBXFrameworksBuildPhase section */

/* Begin PBXGroup section */
		2DAD9A2E2C6E019A002CF3B4 = {
			isa = PBXGroup;
			children = (
				2DAD9A392C6E019A002CF3B4 /* MobileUpGallery */,
				2DAD9A382C6E019A002CF3B4 /* Products */,
				B6935754F9097F172565B2E4 /* Pods */,
				333999D2145617D1931221CB /* Frameworks */,
			);
			sourceTree = "<group>";
		};
		2DAD9A382C6E019A002CF3B4 /* Products */ = {
			isa = PBXGroup;
			children = (
				2DAD9A372C6E019A002CF3B4 /* MobileUpGallery.app */,
			);
			name = Products;
			sourceTree = "<group>";
		};
		2DAD9A392C6E019A002CF3B4 /* MobileUpGallery */ = {
			isa = PBXGroup;
			children = (
				2DAD9A3A2C6E019A002CF3B4 /* AppDelegate.swift */,
				2DAD9A3C2C6E019A002CF3B4 /* SceneDelegate.swift */,
				2DAD9A6B2C6E1B0C002CF3B4 /* Coordinators */,
				2DAD9A522C6E13F6002CF3B4 /* Models */,
				2DAD9A4E2C6E0FDB002CF3B4 /* Views */,
				2DAD9A512C6E13F0002CF3B4 /* ViewModels */,
				2DAD9A572C6E199B002CF3B4 /* Services */,
				2DAD9A432C6E019C002CF3B4 /* Assets.xcassets */,
				2DAD9A452C6E019C002CF3B4 /* LaunchScreen.storyboard */,
				2DAD9A482C6E019C002CF3B4 /* Info.plist */,
			);
			path = MobileUpGallery;
			sourceTree = "<group>";
		};
		2DAD9A4E2C6E0FDB002CF3B4 /* Views */ = {
			isa = PBXGroup;
			children = (
				2DAD9A3E2C6E019A002CF3B4 /* MainViewController.swift */,
				2DAD9A4F2C6E1070002CF3B4 /* LoginViewController.swift */,
				2DAD9A762C6E3434002CF3B4 /* GalleryViewController.swift */,
				2DAD9A742C6E3410002CF3B4 /* DetailViewController.swift */,
				2DAD9A802C6F6383002CF3B4 /* CollectionView */,
			);
			path = Views;
			sourceTree = "<group>";
		};
		2DAD9A512C6E13F0002CF3B4 /* ViewModels */ = {
			isa = PBXGroup;
			children = (
				2DAD9A532C6E140B002CF3B4 /* MainViewModel.swift */,
				2DAD9A552C6E141E002CF3B4 /* LoginViewModel.swift */,
				2DAD9A722C6E3311002CF3B4 /* GalleryViewModel.swift */,
				2DAD9A782C6E3468002CF3B4 /* DetailViewModel.swift */,
			);
			path = ViewModels;
			sourceTree = "<group>";
		};
		2DAD9A522C6E13F6002CF3B4 /* Models */ = {
			isa = PBXGroup;
			children = (
				2DAD9A6E2C6E1D82002CF3B4 /* Models.swift */,
			);
			path = Models;
			sourceTree = "<group>";
		};
		2DAD9A572C6E199B002CF3B4 /* Services */ = {
			isa = PBXGroup;
			children = (
				2DAD9A5B2C6E19E3002CF3B4 /* APIService */,
				2DAD9A582C6E19AB002CF3B4 /* Network */,
				2DAD9A682C6E1AD8002CF3B4 /* Other */,
				2DAD9A692C6E1AF1002CF3B4 /* ManagerLocator.swift */,
			);
			path = Services;
			sourceTree = "<group>";
		};
		2DAD9A582C6E19AB002CF3B4 /* Network */ = {
			isa = PBXGroup;
			children = (
				2DAD9A592C6E19BE002CF3B4 /* NetworkManager.swift */,
			);
			path = Network;
			sourceTree = "<group>";
		};
		2DAD9A5B2C6E19E3002CF3B4 /* APIService */ = {
			isa = PBXGroup;
			children = (
				2DAD9A5C2C6E1A0D002CF3B4 /* APIService.swift */,
			);
			path = APIService;
			sourceTree = "<group>";
		};
		2DAD9A682C6E1AD8002CF3B4 /* Other */ = {
			isa = PBXGroup;
			children = (
				2DAD9A5E2C6E1A4A002CF3B4 /* SessionManager.swift */,
				2DAD9A602C6E1A61002CF3B4 /* AlertService.swift */,
				2DAD9A622C6E1A84002CF3B4 /* ShareService.swift */,
				2DAD9A642C6E1AA3002CF3B4 /* ImageCacheService.swift */,
				2DAD9A662C6E1ABC002CF3B4 /* VideoCacheService.swift */,
			);
			path = Other;
			sourceTree = "<group>";
		};
		2DAD9A6B2C6E1B0C002CF3B4 /* Coordinators */ = {
			isa = PBXGroup;
			children = (
				2DAD9A6C2C6E1B1E002CF3B4 /* AppCoordinator.swift */,
				2DAD9A7A2C6E34A9002CF3B4 /* MainCoordinator.swift */,
				2DAD9A7E2C6E5939002CF3B4 /* LoginCoordinator.swift */,
				2DAD9A7C2C6E34CD002CF3B4 /* GalleryCoordinator.swift */,
			);
			path = Coordinators;
			sourceTree = "<group>";
		};
		2DAD9A802C6F6383002CF3B4 /* CollectionView */ = {
			isa = PBXGroup;
			children = (
				2DAD9A812C6F63B4002CF3B4 /* GalleryVC+CollectionView.swift */,
				2DAD9A832C6F9FB5002CF3B4 /* PhotoCell.swift */,
			);
			path = CollectionView;
			sourceTree = "<group>";
		};
		333999D2145617D1931221CB /* Frameworks */ = {
			isa = PBXGroup;
			children = (
				A0B8ADA790F3D7141EFCF694 /* Pods_MobileUpGallery.framework */,
			);
			name = Frameworks;
			sourceTree = "<group>";
		};
		B6935754F9097F172565B2E4 /* Pods */ = {
			isa = PBXGroup;
			children = (
				F5AC10A44F0F6041E73AD41E /* Pods-MobileUpGallery.debug.xcconfig */,
				02FEC234263B2F1F99464623 /* Pods-MobileUpGallery.release.xcconfig */,
			);
			path = Pods;
			sourceTree = "<group>";
		};
/* End PBXGroup section */

/* Begin PBXNativeTarget section */
		2DAD9A362C6E019A002CF3B4 /* MobileUpGallery */ = {
			isa = PBXNativeTarget;
			buildConfigurationList = 2DAD9A4B2C6E019C002CF3B4 /* Build configuration list for PBXNativeTarget "MobileUpGallery" */;
			buildPhases = (
				DDF3BE83842E45635616BF2A /* [CP] Check Pods Manifest.lock */,
				2DAD9A332C6E019A002CF3B4 /* Sources */,
				2DAD9A342C6E019A002CF3B4 /* Frameworks */,
				2DAD9A352C6E019A002CF3B4 /* Resources */,
				459A89A96365AA459F71DD62 /* [CP] Embed Pods Frameworks */,
			);
			buildRules = (
			);
			dependencies = (
			);
			name = MobileUpGallery;
			productName = MobileUpGallery;
			productReference = 2DAD9A372C6E019A002CF3B4 /* MobileUpGallery.app */;
			productType = "com.apple.product-type.application";
		};
/* End PBXNativeTarget section */

/* Begin PBXProject section */
		2DAD9A2F2C6E019A002CF3B4 /* Project object */ = {
			isa = PBXProject;
			attributes = {
				BuildIndependentTargetsInParallel = 1;
				LastSwiftUpdateCheck = 1520;
				LastUpgradeCheck = 1520;
				TargetAttributes = {
					2DAD9A362C6E019A002CF3B4 = {
						CreatedOnToolsVersion = 15.2;
					};
				};
			};
			buildConfigurationList = 2DAD9A322C6E019A002CF3B4 /* Build configuration list for PBXProject "MobileUpGallery" */;
			compatibilityVersion = "Xcode 14.0";
			developmentRegion = en;
			hasScannedForEncodings = 0;
			knownRegions = (
				en,
				Base,
			);
			mainGroup = 2DAD9A2E2C6E019A002CF3B4;
			productRefGroup = 2DAD9A382C6E019A002CF3B4 /* Products */;
			projectDirPath = "";
			projectRoot = "";
			targets = (
				2DAD9A362C6E019A002CF3B4 /* MobileUpGallery */,
			);
		};
/* End PBXProject section */

/* Begin PBXResourcesBuildPhase section */
		2DAD9A352C6E019A002CF3B4 /* Resources */ = {
			isa = PBXResourcesBuildPhase;
			buildActionMask = 2147483647;
			files = (
				2DAD9A472C6E019C002CF3B4 /* LaunchScreen.storyboard in Resources */,
				2DAD9A442C6E019C002CF3B4 /* Assets.xcassets in Resources */,
			);
			runOnlyForDeploymentPostprocessing = 0;
		};
/* End PBXResourcesBuildPhase section */

/* Begin PBXShellScriptBuildPhase section */
		459A89A96365AA459F71DD62 /* [CP] Embed Pods Frameworks */ = {
			isa = PBXShellScriptBuildPhase;
			buildActionMask = 2147483647;
			files = (
			);
			inputFileListPaths = (
				"${PODS_ROOT}/Target Support Files/Pods-MobileUpGallery/Pods-MobileUpGallery-frameworks-${CONFIGURATION}-input-files.xcfilelist",
			);
			name = "[CP] Embed Pods Frameworks";
			outputFileListPaths = (
				"${PODS_ROOT}/Target Support Files/Pods-MobileUpGallery/Pods-MobileUpGallery-frameworks-${CONFIGURATION}-output-files.xcfilelist",
			);
			runOnlyForDeploymentPostprocessing = 0;
			shellPath = /bin/sh;
			shellScript = "\"${PODS_ROOT}/Target Support Files/Pods-MobileUpGallery/Pods-MobileUpGallery-frameworks.sh\"\n";
			showEnvVarsInLog = 0;
		};
		DDF3BE83842E45635616BF2A /* [CP] Check Pods Manifest.lock */ = {
			isa = PBXShellScriptBuildPhase;
			buildActionMask = 2147483647;
			files = (
			);
			inputFileListPaths = (
			);
			inputPaths = (
				"${PODS_PODFILE_DIR_PATH}/Podfile.lock",
				"${PODS_ROOT}/Manifest.lock",
			);
			name = "[CP] Check Pods Manifest.lock";
			outputFileListPaths = (
			);
			outputPaths = (
				"$(DERIVED_FILE_DIR)/Pods-MobileUpGallery-checkManifestLockResult.txt",
			);
			runOnlyForDeploymentPostprocessing = 0;
			shellPath = /bin/sh;
			shellScript = "diff \"${PODS_PODFILE_DIR_PATH}/Podfile.lock\" \"${PODS_ROOT}/Manifest.lock\" > /dev/null\nif [ $? != 0 ] ; then\n    # print error to STDERR\n    echo \"error: The sandbox is not in sync with the Podfile.lock. Run 'pod install' or update your CocoaPods installation.\" >&2\n    exit 1\nfi\n# This output is used by Xcode 'outputs' to avoid re-running this script phase.\necho \"SUCCESS\" > \"${SCRIPT_OUTPUT_FILE_0}\"\n";
			showEnvVarsInLog = 0;
		};
/* End PBXShellScriptBuildPhase section */

/* Begin PBXSourcesBuildPhase section */
		2DAD9A332C6E019A002CF3B4 /* Sources */ = {
			isa = PBXSourcesBuildPhase;
			buildActionMask = 2147483647;
			files = (
				2DAD9A672C6E1ABC002CF3B4 /* VideoCacheService.swift in Sources */,
				2DAD9A842C6F9FB5002CF3B4 /* PhotoCell.swift in Sources */,
				2DAD9A7B2C6E34A9002CF3B4 /* MainCoordinator.swift in Sources */,
				2DAD9A542C6E140B002CF3B4 /* MainViewModel.swift in Sources */,
				2DAD9A502C6E1070002CF3B4 /* LoginViewController.swift in Sources */,
				2DAD9A792C6E3468002CF3B4 /* DetailViewModel.swift in Sources */,
				2DAD9A652C6E1AA3002CF3B4 /* ImageCacheService.swift in Sources */,
				2DAD9A632C6E1A84002CF3B4 /* ShareService.swift in Sources */,
				2DAD9A772C6E3434002CF3B4 /* GalleryViewController.swift in Sources */,
				2DAD9A5F2C6E1A4A002CF3B4 /* SessionManager.swift in Sources */,
				2DAD9A732C6E3311002CF3B4 /* GalleryViewModel.swift in Sources */,
				2DAD9A562C6E141E002CF3B4 /* LoginViewModel.swift in Sources */,
				2DAD9A612C6E1A61002CF3B4 /* AlertService.swift in Sources */,
				2DAD9A822C6F63B4002CF3B4 /* GalleryVC+CollectionView.swift in Sources */,
				2DAD9A752C6E3410002CF3B4 /* DetailViewController.swift in Sources */,
				2DAD9A5A2C6E19BE002CF3B4 /* NetworkManager.swift in Sources */,
				2DAD9A3F2C6E019A002CF3B4 /* MainViewController.swift in Sources */,
				2DAD9A6A2C6E1AF1002CF3B4 /* ManagerLocator.swift in Sources */,
				2DAD9A6F2C6E1D82002CF3B4 /* Models.swift in Sources */,
				2DAD9A7F2C6E5939002CF3B4 /* LoginCoordinator.swift in Sources */,
				2DAD9A7D2C6E34CD002CF3B4 /* GalleryCoordinator.swift in Sources */,
				2DAD9A3B2C6E019A002CF3B4 /* AppDelegate.swift in Sources */,
				2DAD9A6D2C6E1B1E002CF3B4 /* AppCoordinator.swift in Sources */,
				2DAD9A5D2C6E1A0D002CF3B4 /* APIService.swift in Sources */,
				2DAD9A3D2C6E019A002CF3B4 /* SceneDelegate.swift in Sources */,
			);
			runOnlyForDeploymentPostprocessing = 0;
		};
/* End PBXSourcesBuildPhase section */

/* Begin PBXVariantGroup section */
		2DAD9A452C6E019C002CF3B4 /* LaunchScreen.storyboard */ = {
			isa = PBXVariantGroup;
			children = (
				2DAD9A462C6E019C002CF3B4 /* Base */,
			);
			name = LaunchScreen.storyboard;
			sourceTree = "<group>";
		};
/* End PBXVariantGroup section */

/* Begin XCBuildConfiguration section */
		2DAD9A492C6E019C002CF3B4 /* Debug */ = {
			isa = XCBuildConfiguration;
			buildSettings = {
				ALWAYS_SEARCH_USER_PATHS = NO;
				ASSETCATALOG_COMPILER_GENERATE_SWIFT_ASSET_SYMBOL_EXTENSIONS = YES;
				CLANG_ANALYZER_NONNULL = YES;
				CLANG_ANALYZER_NUMBER_OBJECT_CONVERSION = YES_AGGRESSIVE;
				CLANG_CXX_LANGUAGE_STANDARD = "gnu++20";
				CLANG_ENABLE_MODULES = YES;
				CLANG_ENABLE_OBJC_ARC = YES;
				CLANG_ENABLE_OBJC_WEAK = YES;
				CLANG_WARN_BLOCK_CAPTURE_AUTORELEASING = YES;
				CLANG_WARN_BOOL_CONVERSION = YES;
				CLANG_WARN_COMMA = YES;
				CLANG_WARN_CONSTANT_CONVERSION = YES;
				CLANG_WARN_DEPRECATED_OBJC_IMPLEMENTATIONS = YES;
				CLANG_WARN_DIRECT_OBJC_ISA_USAGE = YES_ERROR;
				CLANG_WARN_DOCUMENTATION_COMMENTS = YES;
				CLANG_WARN_EMPTY_BODY = YES;
				CLANG_WARN_ENUM_CONVERSION = YES;
				CLANG_WARN_INFINITE_RECURSION = YES;
				CLANG_WARN_INT_CONVERSION = YES;
				CLANG_WARN_NON_LITERAL_NULL_CONVERSION = YES;
				CLANG_WARN_OBJC_IMPLICIT_RETAIN_SELF = YES;
				CLANG_WARN_OBJC_LITERAL_CONVERSION = YES;
				CLANG_WARN_OBJC_ROOT_CLASS = YES_ERROR;
				CLANG_WARN_QUOTED_INCLUDE_IN_FRAMEWORK_HEADER = YES;
				CLANG_WARN_RANGE_LOOP_ANALYSIS = YES;
				CLANG_WARN_STRICT_PROTOTYPES = YES;
				CLANG_WARN_SUSPICIOUS_MOVE = YES;
				CLANG_WARN_UNGUARDED_AVAILABILITY = YES_AGGRESSIVE;
				CLANG_WARN_UNREACHABLE_CODE = YES;
				CLANG_WARN__DUPLICATE_METHOD_MATCH = YES;
				COPY_PHASE_STRIP = NO;
				DEBUG_INFORMATION_FORMAT = dwarf;
				ENABLE_STRICT_OBJC_MSGSEND = YES;
				ENABLE_TESTABILITY = YES;
				ENABLE_USER_SCRIPT_SANDBOXING = NO;
				GCC_C_LANGUAGE_STANDARD = gnu17;
				GCC_DYNAMIC_NO_PIC = NO;
				GCC_NO_COMMON_BLOCKS = YES;
				GCC_OPTIMIZATION_LEVEL = 0;
				GCC_PREPROCESSOR_DEFINITIONS = (
					"DEBUG=1",
					"$(inherited)",
				);
				GCC_WARN_64_TO_32_BIT_CONVERSION = YES;
				GCC_WARN_ABOUT_RETURN_TYPE = YES_ERROR;
				GCC_WARN_UNDECLARED_SELECTOR = YES;
				GCC_WARN_UNINITIALIZED_AUTOS = YES_AGGRESSIVE;
				GCC_WARN_UNUSED_FUNCTION = YES;
				GCC_WARN_UNUSED_VARIABLE = YES;
				IPHONEOS_DEPLOYMENT_TARGET = 17.2;
				LOCALIZATION_PREFERS_STRING_CATALOGS = YES;
				MTL_ENABLE_DEBUG_INFO = INCLUDE_SOURCE;
				MTL_FAST_MATH = YES;
				ONLY_ACTIVE_ARCH = YES;
				SDKROOT = iphoneos;
				SWIFT_ACTIVE_COMPILATION_CONDITIONS = "DEBUG $(inherited)";
				SWIFT_OPTIMIZATION_LEVEL = "-Onone";
			};
			name = Debug;
		};
		2DAD9A4A2C6E019C002CF3B4 /* Release */ = {
			isa = XCBuildConfiguration;
			buildSettings = {
				ALWAYS_SEARCH_USER_PATHS = NO;
				ASSETCATALOG_COMPILER_GENERATE_SWIFT_ASSET_SYMBOL_EXTENSIONS = YES;
				CLANG_ANALYZER_NONNULL = YES;
				CLANG_ANALYZER_NUMBER_OBJECT_CONVERSION = YES_AGGRESSIVE;
				CLANG_CXX_LANGUAGE_STANDARD = "gnu++20";
				CLANG_ENABLE_MODULES = YES;
				CLANG_ENABLE_OBJC_ARC = YES;
				CLANG_ENABLE_OBJC_WEAK = YES;
				CLANG_WARN_BLOCK_CAPTURE_AUTORELEASING = YES;
				CLANG_WARN_BOOL_CONVERSION = YES;
				CLANG_WARN_COMMA = YES;
				CLANG_WARN_CONSTANT_CONVERSION = YES;
				CLANG_WARN_DEPRECATED_OBJC_IMPLEMENTATIONS = YES;
				CLANG_WARN_DIRECT_OBJC_ISA_USAGE = YES_ERROR;
				CLANG_WARN_DOCUMENTATION_COMMENTS = YES;
				CLANG_WARN_EMPTY_BODY = YES;
				CLANG_WARN_ENUM_CONVERSION = YES;
				CLANG_WARN_INFINITE_RECURSION = YES;
				CLANG_WARN_INT_CONVERSION = YES;
				CLANG_WARN_NON_LITERAL_NULL_CONVERSION = YES;
				CLANG_WARN_OBJC_IMPLICIT_RETAIN_SELF = YES;
				CLANG_WARN_OBJC_LITERAL_CONVERSION = YES;
				CLANG_WARN_OBJC_ROOT_CLASS = YES_ERROR;
				CLANG_WARN_QUOTED_INCLUDE_IN_FRAMEWORK_HEADER = YES;
				CLANG_WARN_RANGE_LOOP_ANALYSIS = YES;
				CLANG_WARN_STRICT_PROTOTYPES = YES;
				CLANG_WARN_SUSPICIOUS_MOVE = YES;
				CLANG_WARN_UNGUARDED_AVAILABILITY = YES_AGGRESSIVE;
				CLANG_WARN_UNREACHABLE_CODE = YES;
				CLANG_WARN__DUPLICATE_METHOD_MATCH = YES;
				COPY_PHASE_STRIP = NO;
				DEBUG_INFORMATION_FORMAT = "dwarf-with-dsym";
				ENABLE_NS_ASSERTIONS = NO;
				ENABLE_STRICT_OBJC_MSGSEND = YES;
				ENABLE_USER_SCRIPT_SANDBOXING = NO;
				GCC_C_LANGUAGE_STANDARD = gnu17;
				GCC_NO_COMMON_BLOCKS = YES;
				GCC_WARN_64_TO_32_BIT_CONVERSION = YES;
				GCC_WARN_ABOUT_RETURN_TYPE = YES_ERROR;
				GCC_WARN_UNDECLARED_SELECTOR = YES;
				GCC_WARN_UNINITIALIZED_AUTOS = YES_AGGRESSIVE;
				GCC_WARN_UNUSED_FUNCTION = YES;
				GCC_WARN_UNUSED_VARIABLE = YES;
				IPHONEOS_DEPLOYMENT_TARGET = 17.2;
				LOCALIZATION_PREFERS_STRING_CATALOGS = YES;
				MTL_ENABLE_DEBUG_INFO = NO;
				MTL_FAST_MATH = YES;
				SDKROOT = iphoneos;
				SWIFT_COMPILATION_MODE = wholemodule;
				VALIDATE_PRODUCT = YES;
			};
			name = Release;
		};
		2DAD9A4C2C6E019C002CF3B4 /* Debug */ = {
			isa = XCBuildConfiguration;
			baseConfigurationReference = F5AC10A44F0F6041E73AD41E /* Pods-MobileUpGallery.debug.xcconfig */;
			buildSettings = {
				ASSETCATALOG_COMPILER_APPICON_NAME = AppIcon;
				ASSETCATALOG_COMPILER_GLOBAL_ACCENT_COLOR_NAME = AccentColor;
				CODE_SIGN_STYLE = Automatic;
				CURRENT_PROJECT_VERSION = 1;
				DEVELOPMENT_TEAM = 937225FCSX;
				GENERATE_INFOPLIST_FILE = YES;
				INFOPLIST_FILE = MobileUpGallery/Info.plist;
				INFOPLIST_KEY_UIApplicationSupportsIndirectInputEvents = YES;
				INFOPLIST_KEY_UILaunchStoryboardName = LaunchScreen;
				INFOPLIST_KEY_UISupportedInterfaceOrientations = UIInterfaceOrientationPortrait;
				INFOPLIST_KEY_UISupportedInterfaceOrientations_iPad = "UIInterfaceOrientationLandscapeLeft UIInterfaceOrientationLandscapeRight UIInterfaceOrientationPortrait UIInterfaceOrientationPortraitUpsideDown";
				IPHONEOS_DEPLOYMENT_TARGET = 15.0;
				LD_RUNPATH_SEARCH_PATHS = (
					"$(inherited)",
					"@executable_path/Frameworks",
				);
				MARKETING_VERSION = 1.0;
				PRODUCT_BUNDLE_IDENTIFIER = com.emirnasyrov.MobileUpGallery;
				PRODUCT_NAME = "$(TARGET_NAME)";
				SUPPORTED_PLATFORMS = "iphoneos iphonesimulator";
				SUPPORTS_MACCATALYST = NO;
				SUPPORTS_MAC_DESIGNED_FOR_IPHONE_IPAD = NO;
				SUPPORTS_XR_DESIGNED_FOR_IPHONE_IPAD = NO;
				SWIFT_EMIT_LOC_STRINGS = YES;
				SWIFT_VERSION = 5.0;
				TARGETED_DEVICE_FAMILY = 1;
			};
			name = Debug;
		};
		2DAD9A4D2C6E019C002CF3B4 /* Release */ = {
			isa = XCBuildConfiguration;
			baseConfigurationReference = 02FEC234263B2F1F99464623 /* Pods-MobileUpGallery.release.xcconfig */;
			buildSettings = {
				ASSETCATALOG_COMPILER_APPICON_NAME = AppIcon;
				ASSETCATALOG_COMPILER_GLOBAL_ACCENT_COLOR_NAME = AccentColor;
				CODE_SIGN_STYLE = Automatic;
				CURRENT_PROJECT_VERSION = 1;
				DEVELOPMENT_TEAM = 937225FCSX;
				GENERATE_INFOPLIST_FILE = YES;
				INFOPLIST_FILE = MobileUpGallery/Info.plist;
				INFOPLIST_KEY_UIApplicationSupportsIndirectInputEvents = YES;
				INFOPLIST_KEY_UILaunchStoryboardName = LaunchScreen;
				INFOPLIST_KEY_UISupportedInterfaceOrientations = UIInterfaceOrientationPortrait;
				INFOPLIST_KEY_UISupportedInterfaceOrientations_iPad = "UIInterfaceOrientationLandscapeLeft UIInterfaceOrientationLandscapeRight UIInterfaceOrientationPortrait UIInterfaceOrientationPortraitUpsideDown";
				IPHONEOS_DEPLOYMENT_TARGET = 15.0;
				LD_RUNPATH_SEARCH_PATHS = (
					"$(inherited)",
					"@executable_path/Frameworks",
				);
				MARKETING_VERSION = 1.0;
				PRODUCT_BUNDLE_IDENTIFIER = com.emirnasyrov.MobileUpGallery;
				PRODUCT_NAME = "$(TARGET_NAME)";
				SUPPORTED_PLATFORMS = "iphoneos iphonesimulator";
				SUPPORTS_MACCATALYST = NO;
				SUPPORTS_MAC_DESIGNED_FOR_IPHONE_IPAD = NO;
				SUPPORTS_XR_DESIGNED_FOR_IPHONE_IPAD = NO;
				SWIFT_EMIT_LOC_STRINGS = YES;
				SWIFT_VERSION = 5.0;
				TARGETED_DEVICE_FAMILY = 1;
			};
			name = Release;
		};
/* End XCBuildConfiguration section */

/* Begin XCConfigurationList section */
		2DAD9A322C6E019A002CF3B4 /* Build configuration list for PBXProject "MobileUpGallery" */ = {
			isa = XCConfigurationList;
			buildConfigurations = (
				2DAD9A492C6E019C002CF3B4 /* Debug */,
				2DAD9A4A2C6E019C002CF3B4 /* Release */,
			);
			defaultConfigurationIsVisible = 0;
			defaultConfigurationName = Release;
		};
		2DAD9A4B2C6E019C002CF3B4 /* Build configuration list for PBXNativeTarget "MobileUpGallery" */ = {
			isa = XCConfigurationList;
			buildConfigurations = (
				2DAD9A4C2C6E019C002CF3B4 /* Debug */,
				2DAD9A4D2C6E019C002CF3B4 /* Release */,
			);
			defaultConfigurationIsVisible = 0;
			defaultConfigurationName = Release;
		};
/* End XCConfigurationList section */
	};
	rootObject = 2DAD9A2F2C6E019A002CF3B4 /* Project object */;
}
